
Microsoft Visual Studio Solution File, Format Version 12.00
# Visual Studio Version 17
VisualStudioVersion = 17.3.32929.385
MinimumVisualStudioVersion = 10.0.40219.1
Project("{FAE04EC0-301F-11D3-BF4B-00C04F79EFBC}") = "HomeWork1", "HomeWork1\HomeWork1.csproj", "{EDCA65B7-2887-4BB8-BC38-C921E09B1AE7}"
EndProject
Global
	GlobalSection(SolutionConfigurationPlatforms) = preSolution
		Debug|Any CPU = Debug|Any CPU
		Release|Any CPU = Release|Any CPU
	EndGlobalSection
	GlobalSection(ProjectConfigurationPlatforms) = postSolution
		{EDCA65B7-2887-4BB8-BC38-C921E09B1AE7}.Debug|Any CPU.ActiveCfg = Debug|Any CPU
		{EDCA65B7-2887-4BB8-BC38-C921E09B1AE7}.Debug|Any CPU.Build.0 = Debug|Any CPU
		{EDCA65B7-2887-4BB8-BC38-C921E09B1AE7}.Release|Any CPU.ActiveCfg = Release|Any CPU
		{EDCA65B7-2887-4BB8-BC38-C921E09B1AE7}.Release|Any CPU.Build.0 = Release|Any CPU
	EndGlobalSection
	GlobalSection(SolutionProperties) = preSolution
		HideSolutionNode = FALSE
	EndGlobalSection
	GlobalSection(ExtensibilityGlobals) = postSolution
		SolutionGuid = {27BBD478-5A62-4249-8646-20A3A7162DA6}
	EndGlobalSection
EndGlobal
